{
  "originHash" : "400ab0695be7e094173265eb579ace7433bba03b2c7f6e8fc3184ce8dbd06912",
  "pins" : [
    {
      "identity" : "kingfisher",
      "kind" : "remoteSourceControl",
      "location" : "https://github.com/onevcat/Kingfisher",
      "state" : {
        "revision" : "5b92f029fab2cce44386d28588098b5be0824ef5",
        "version" : "7.11.0"
      }
    },
    {
      "identity" : "movieappdata",
      "kind" : "remoteSourceControl",
      "location" : "https://github.com/fiveagency/MovieAppData",
      "state" : {
        "revision" : "0d476dbdc4e8f6828a4fdaff4fa0b977ab5ebf35",
        "version" : "2.1.1"
      }
    },
    {
      "identity" : "purelayout",
      "kind" : "remoteSourceControl",
      "location" : "https://github.com/PureLayout/PureLayout.git",
      "state" : {
        "revision" : "5561683c96dc49b023c1299bfe4f6fbeed5f8199",
        "version" : "3.1.9"
      }
    }
  ],
  "version" : 3
}
