// !$*UTF8*$!
{
	archiveVersion = 1;
	classes = {
	};
	objectVersion = 56;
	objects = {

/* Begin PBXBuildFile section */
		AA1AD52C2BF8C7F800B43C1F /* FavoritesViewController.swift in Sources */ = {isa = PBXBuildFile; fileRef = AA1AD52B2BF8C7F800B43C1F /* FavoritesViewController.swift */; };
		AA1AD52E2BF8F05000B43C1F /* MovieTabBarController.swift in Sources */ = {isa = PBXBuildFile; fileRef = AA1AD52D2BF8F05000B43C1F /* MovieTabBarController.swift */; };
		AA1AD5352BF90CF400B43C1F /* AppRouter.swift in Sources */ = {isa = PBXBuildFile; fileRef = AA1AD5342BF90CF400B43C1F /* AppRouter.swift */; };
		AA1AD5372BF90D6300B43C1F /* AppRouterProtocol.swift in Sources */ = {isa = PBXBuildFile; fileRef = AA1AD5362BF90D6300B43C1F /* AppRouterProtocol.swift */; };
		AA21DC0E2BE65DA9008BCA25 /* MovieDetailsHeaderView.swift in Sources */ = {isa = PBXBuildFile; fileRef = AA21DC0D2BE65DA9008BCA25 /* MovieDetailsHeaderView.swift */; };
		AA21DC102BE65DD4008BCA25 /* MovieDetailsContentView.swift in Sources */ = {isa = PBXBuildFile; fileRef = AA21DC0F2BE65DD4008BCA25 /* MovieDetailsContentView.swift */; };
		AA27AE672BFF62C8002F80AA /* Kingfisher in Frameworks */ = {isa = PBXBuildFile; productRef = AA27AE662BFF62C8002F80AA /* Kingfisher */; };
		AA3788692BE9082500598FC4 /* MovieListViewController.swift in Sources */ = {isa = PBXBuildFile; fileRef = AA3788682BE9082500598FC4 /* MovieListViewController.swift */; };
		AA37886B2BE9103B00598FC4 /* MovieCell.swift in Sources */ = {isa = PBXBuildFile; fileRef = AA37886A2BE9103B00598FC4 /* MovieCell.swift */; };
		AA894D5F2BB8385800F42292 /* AppDelegate.swift in Sources */ = {isa = PBXBuildFile; fileRef = AA894D5E2BB8385800F42292 /* AppDelegate.swift */; };
		AA894D612BB8385800F42292 /* SceneDelegate.swift in Sources */ = {isa = PBXBuildFile; fileRef = AA894D602BB8385800F42292 /* SceneDelegate.swift */; };
		AA894D682BB8385900F42292 /* Assets.xcassets in Resources */ = {isa = PBXBuildFile; fileRef = AA894D672BB8385900F42292 /* Assets.xcassets */; };
		AA894D6B2BB8385900F42292 /* Base in Resources */ = {isa = PBXBuildFile; fileRef = AA894D6A2BB8385900F42292 /* Base */; };
		AA894D742BB838F600F42292 /* PureLayout in Frameworks */ = {isa = PBXBuildFile; productRef = AA894D732BB838F600F42292 /* PureLayout */; };
		AA894D772BB8392F00F42292 /* MovieAppData in Frameworks */ = {isa = PBXBuildFile; productRef = AA894D762BB8392F00F42292 /* MovieAppData */; };
		AA894D7B2BB87CE500F42292 /* MovieDetailsViewController.swift in Sources */ = {isa = PBXBuildFile; fileRef = AA894D7A2BB87CE500F42292 /* MovieDetailsViewController.swift */; };
		AA894D7D2BB882E100F42292 /* Movie.swift in Sources */ = {isa = PBXBuildFile; fileRef = AA894D7C2BB882E100F42292 /* Movie.swift */; };
		AA8ABA3E2BE694B7001C94D3 /* MovieDetailsFooterView.swift in Sources */ = {isa = PBXBuildFile; fileRef = AA8ABA3D2BE694B7001C94D3 /* MovieDetailsFooterView.swift */; };
		AA8CF0882BBF21FC00FCCEAC /* LoginViewController.swift in Sources */ = {isa = PBXBuildFile; fileRef = AA8CF0872BBF21FC00FCCEAC /* LoginViewController.swift */; };
		AAB86C132BEA25A9006531DB /* MovieCategoriesViewController.swift in Sources */ = {isa = PBXBuildFile; fileRef = AAB86C122BEA25A9006531DB /* MovieCategoriesViewController.swift */; };
		AAB86C152BEA3520006531DB /* CollectionCell.swift in Sources */ = {isa = PBXBuildFile; fileRef = AAB86C142BEA3520006531DB /* CollectionCell.swift */; };
		AABBBCFF2C0633680099DFFE /* DetailsViewModel.swift in Sources */ = {isa = PBXBuildFile; fileRef = AABBBCFE2C0633680099DFFE /* DetailsViewModel.swift */; };
		AAE2B6A82C09C23900178572 /* DetailsResponse.swift in Sources */ = {isa = PBXBuildFile; fileRef = AAE2B6A72C09C23900178572 /* DetailsResponse.swift */; };
		AAE2B6AA2C09C8CF00178572 /* DetailsUseCase.swift in Sources */ = {isa = PBXBuildFile; fileRef = AAE2B6A92C09C8CF00178572 /* DetailsUseCase.swift */; };
		AAE7B2542C05E3B700359EC4 /* CategoriesViewModel.swift in Sources */ = {isa = PBXBuildFile; fileRef = AAE7B2532C05E3B700359EC4 /* CategoriesViewModel.swift */; };
		AAE7B2562C0612CA00359EC4 /* MovieCellData.swift in Sources */ = {isa = PBXBuildFile; fileRef = AAE7B2552C0612CA00359EC4 /* MovieCellData.swift */; };
		AAE7B2582C06241A00359EC4 /* ListViewModel.swift in Sources */ = {isa = PBXBuildFile; fileRef = AAE7B2572C06241A00359EC4 /* ListViewModel.swift */; };
		AAE959E42BEA77BE000DF67C /* ImageCell.swift in Sources */ = {isa = PBXBuildFile; fileRef = AAE959E32BEA77BE000DF67C /* ImageCell.swift */; };
/* End PBXBuildFile section */

/* Begin PBXFileReference section */
		AA1AD52B2BF8C7F800B43C1F /* FavoritesViewController.swift */ = {isa = PBXFileReference; lastKnownFileType = sourcecode.swift; path = FavoritesViewController.swift; sourceTree = "<group>"; };
		AA1AD52D2BF8F05000B43C1F /* MovieTabBarController.swift */ = {isa = PBXFileReference; lastKnownFileType = sourcecode.swift; path = MovieTabBarController.swift; sourceTree = "<group>"; };
		AA1AD5342BF90CF400B43C1F /* AppRouter.swift */ = {isa = PBXFileReference; lastKnownFileType = sourcecode.swift; path = AppRouter.swift; sourceTree = "<group>"; };
		AA1AD5362BF90D6300B43C1F /* AppRouterProtocol.swift */ = {isa = PBXFileReference; lastKnownFileType = sourcecode.swift; path = AppRouterProtocol.swift; sourceTree = "<group>"; };
		AA21DC0D2BE65DA9008BCA25 /* MovieDetailsHeaderView.swift */ = {isa = PBXFileReference; lastKnownFileType = sourcecode.swift; path = MovieDetailsHeaderView.swift; sourceTree = "<group>"; };
		AA21DC0F2BE65DD4008BCA25 /* MovieDetailsContentView.swift */ = {isa = PBXFileReference; lastKnownFileType = sourcecode.swift; path = MovieDetailsContentView.swift; sourceTree = "<group>"; };
		AA3788682BE9082500598FC4 /* MovieListViewController.swift */ = {isa = PBXFileReference; lastKnownFileType = sourcecode.swift; path = MovieListViewController.swift; sourceTree = "<group>"; };
		AA37886A2BE9103B00598FC4 /* MovieCell.swift */ = {isa = PBXFileReference; lastKnownFileType = sourcecode.swift; path = MovieCell.swift; sourceTree = "<group>"; };
		AA894D5B2BB8385800F42292 /* MovieApp.app */ = {isa = PBXFileReference; explicitFileType = wrapper.application; includeInIndex = 0; path = MovieApp.app; sourceTree = BUILT_PRODUCTS_DIR; };
		AA894D5E2BB8385800F42292 /* AppDelegate.swift */ = {isa = PBXFileReference; lastKnownFileType = sourcecode.swift; path = AppDelegate.swift; sourceTree = "<group>"; };
		AA894D602BB8385800F42292 /* SceneDelegate.swift */ = {isa = PBXFileReference; lastKnownFileType = sourcecode.swift; path = SceneDelegate.swift; sourceTree = "<group>"; };
		AA894D672BB8385900F42292 /* Assets.xcassets */ = {isa = PBXFileReference; lastKnownFileType = folder.assetcatalog; path = Assets.xcassets; sourceTree = "<group>"; };
		AA894D6A2BB8385900F42292 /* Base */ = {isa = PBXFileReference; lastKnownFileType = file.storyboard; name = Base; path = Base.lproj/LaunchScreen.storyboard; sourceTree = "<group>"; };
		AA894D6C2BB8385900F42292 /* Info.plist */ = {isa = PBXFileReference; lastKnownFileType = text.plist.xml; path = Info.plist; sourceTree = "<group>"; };
		AA894D7A2BB87CE500F42292 /* MovieDetailsViewController.swift */ = {isa = PBXFileReference; lastKnownFileType = sourcecode.swift; path = MovieDetailsViewController.swift; sourceTree = "<group>"; };
		AA894D7C2BB882E100F42292 /* Movie.swift */ = {isa = PBXFileReference; lastKnownFileType = sourcecode.swift; path = Movie.swift; sourceTree = "<group>"; };
		AA8ABA3D2BE694B7001C94D3 /* MovieDetailsFooterView.swift */ = {isa = PBXFileReference; lastKnownFileType = sourcecode.swift; path = MovieDetailsFooterView.swift; sourceTree = "<group>"; };
		AA8CF0872BBF21FC00FCCEAC /* LoginViewController.swift */ = {isa = PBXFileReference; lastKnownFileType = sourcecode.swift; path = LoginViewController.swift; sourceTree = "<group>"; };
		AAB86C122BEA25A9006531DB /* MovieCategoriesViewController.swift */ = {isa = PBXFileReference; lastKnownFileType = sourcecode.swift; path = MovieCategoriesViewController.swift; sourceTree = "<group>"; };
		AAB86C142BEA3520006531DB /* CollectionCell.swift */ = {isa = PBXFileReference; lastKnownFileType = sourcecode.swift; path = CollectionCell.swift; sourceTree = "<group>"; };
		AABBBCFE2C0633680099DFFE /* DetailsViewModel.swift */ = {isa = PBXFileReference; lastKnownFileType = sourcecode.swift; path = DetailsViewModel.swift; sourceTree = "<group>"; };
		AAE2B6A72C09C23900178572 /* DetailsResponse.swift */ = {isa = PBXFileReference; lastKnownFileType = sourcecode.swift; path = DetailsResponse.swift; sourceTree = "<group>"; };
		AAE2B6A92C09C8CF00178572 /* DetailsUseCase.swift */ = {isa = PBXFileReference; lastKnownFileType = sourcecode.swift; path = DetailsUseCase.swift; sourceTree = "<group>"; };
		AAE7B2532C05E3B700359EC4 /* CategoriesViewModel.swift */ = {isa = PBXFileReference; lastKnownFileType = sourcecode.swift; path = CategoriesViewModel.swift; sourceTree = "<group>"; };
		AAE7B2552C0612CA00359EC4 /* MovieCellData.swift */ = {isa = PBXFileReference; lastKnownFileType = sourcecode.swift; path = MovieCellData.swift; sourceTree = "<group>"; };
		AAE7B2572C06241A00359EC4 /* ListViewModel.swift */ = {isa = PBXFileReference; lastKnownFileType = sourcecode.swift; path = ListViewModel.swift; sourceTree = "<group>"; };
		AAE959E32BEA77BE000DF67C /* ImageCell.swift */ = {isa = PBXFileReference; lastKnownFileType = sourcecode.swift; path = ImageCell.swift; sourceTree = "<group>"; };
/* End PBXFileReference section */

/* Begin PBXFrameworksBuildPhase section */
		AA894D582BB8385800F42292 /* Frameworks */ = {
			isa = PBXFrameworksBuildPhase;
			buildActionMask = 2147483647;
			files = (
				AA27AE672BFF62C8002F80AA /* Kingfisher in Frameworks */,
				AA894D742BB838F600F42292 /* PureLayout in Frameworks */,
				AA894D772BB8392F00F42292 /* MovieAppData in Frameworks */,
			);
			runOnlyForDeploymentPostprocessing = 0;
		};
/* End PBXFrameworksBuildPhase section */

/* Begin PBXGroup section */
		AA1AD52A2BF8C7D400B43C1F /* Favorites */ = {
			isa = PBXGroup;
			children = (
				AA1AD52B2BF8C7F800B43C1F /* FavoritesViewController.swift */,
			);
			path = Favorites;
			sourceTree = "<group>";
		};
		AA1AD5332BF90CD400B43C1F /* Router */ = {
			isa = PBXGroup;
			children = (
				AA1AD5342BF90CF400B43C1F /* AppRouter.swift */,
				AA1AD5362BF90D6300B43C1F /* AppRouterProtocol.swift */,
			);
			path = Router;
			sourceTree = "<group>";
		};
		AA894D522BB8385800F42292 = {
			isa = PBXGroup;
			children = (
				AA894D5D2BB8385800F42292 /* MovieApp */,
				AA894D5C2BB8385800F42292 /* Products */,
			);
			sourceTree = "<group>";
		};
		AA894D5C2BB8385800F42292 /* Products */ = {
			isa = PBXGroup;
			children = (
				AA894D5B2BB8385800F42292 /* MovieApp.app */,
			);
			name = Products;
			sourceTree = "<group>";
		};
		AA894D5D2BB8385800F42292 /* MovieApp */ = {
			isa = PBXGroup;
			children = (
				AA1AD5332BF90CD400B43C1F /* Router */,
				AA1AD52A2BF8C7D400B43C1F /* Favorites */,
				AAF5913D2BF8A801004A6E41 /* MovieList */,
				AAF5913C2BF8A756004A6E41 /* Login */,
				AAF5913B2BF8A732004A6E41 /* MovieCategories */,
				AAF5913A2BF8A70E004A6E41 /* MovieDetails */,
				AA894D5E2BB8385800F42292 /* AppDelegate.swift */,
				AA894D602BB8385800F42292 /* SceneDelegate.swift */,
				AA894D672BB8385900F42292 /* Assets.xcassets */,
				AA894D692BB8385900F42292 /* LaunchScreen.storyboard */,
				AA894D6C2BB8385900F42292 /* Info.plist */,
				AA1AD52D2BF8F05000B43C1F /* MovieTabBarController.swift */,
			);
			path = MovieApp;
			sourceTree = "<group>";
		};
		AAF5913A2BF8A70E004A6E41 /* MovieDetails */ = {
			isa = PBXGroup;
			children = (
				AA894D7C2BB882E100F42292 /* Movie.swift */,
				AA8ABA3D2BE694B7001C94D3 /* MovieDetailsFooterView.swift */,
				AA21DC0F2BE65DD4008BCA25 /* MovieDetailsContentView.swift */,
				AA21DC0D2BE65DA9008BCA25 /* MovieDetailsHeaderView.swift */,
				AA894D7A2BB87CE500F42292 /* MovieDetailsViewController.swift */,
				AABBBCFE2C0633680099DFFE /* DetailsViewModel.swift */,
				AAE2B6A72C09C23900178572 /* DetailsResponse.swift */,
				AAE2B6A92C09C8CF00178572 /* DetailsUseCase.swift */,
			);
			path = MovieDetails;
			sourceTree = "<group>";
		};
		AAF5913B2BF8A732004A6E41 /* MovieCategories */ = {
			isa = PBXGroup;
			children = (
				AAE959E32BEA77BE000DF67C /* ImageCell.swift */,
				AAB86C142BEA3520006531DB /* CollectionCell.swift */,
				AAB86C122BEA25A9006531DB /* MovieCategoriesViewController.swift */,
				AAE7B2532C05E3B700359EC4 /* CategoriesViewModel.swift */,
				AAE7B2552C0612CA00359EC4 /* MovieCellData.swift */,
			);
			path = MovieCategories;
			sourceTree = "<group>";
		};
		AAF5913C2BF8A756004A6E41 /* Login */ = {
			isa = PBXGroup;
			children = (
				AA8CF0872BBF21FC00FCCEAC /* LoginViewController.swift */,
			);
			path = Login;
			sourceTree = "<group>";
		};
		AAF5913D2BF8A801004A6E41 /* MovieList */ = {
			isa = PBXGroup;
			children = (
				AA37886A2BE9103B00598FC4 /* MovieCell.swift */,
				AA3788682BE9082500598FC4 /* MovieListViewController.swift */,
				AAE7B2572C06241A00359EC4 /* ListViewModel.swift */,
			);
			path = MovieList;
			sourceTree = "<group>";
		};
/* End PBXGroup section */

/* Begin PBXNativeTarget section */
		AA894D5A2BB8385800F42292 /* MovieApp */ = {
			isa = PBXNativeTarget;
			buildConfigurationList = AA894D6F2BB8385900F42292 /* Build configuration list for PBXNativeTarget "MovieApp" */;
			buildPhases = (
				AA894D572BB8385800F42292 /* Sources */,
				AA894D582BB8385800F42292 /* Frameworks */,
				AA894D592BB8385800F42292 /* Resources */,
			);
			buildRules = (
			);
			dependencies = (
			);
			name = MovieApp;
			packageProductDependencies = (
				AA894D732BB838F600F42292 /* PureLayout */,
				AA894D762BB8392F00F42292 /* MovieAppData */,
				AA27AE662BFF62C8002F80AA /* Kingfisher */,
			);
			productName = MovieApp;
			productReference = AA894D5B2BB8385800F42292 /* MovieApp.app */;
			productType = "com.apple.product-type.application";
		};
/* End PBXNativeTarget section */

/* Begin PBXProject section */
		AA894D532BB8385800F42292 /* Project object */ = {
			isa = PBXProject;
			attributes = {
				BuildIndependentTargetsInParallel = 1;
				LastSwiftUpdateCheck = 1530;
				LastUpgradeCheck = 1530;
				TargetAttributes = {
					AA894D5A2BB8385800F42292 = {
						CreatedOnToolsVersion = 15.3;
					};
				};
			};
			buildConfigurationList = AA894D562BB8385800F42292 /* Build configuration list for PBXProject "MovieApp" */;
			compatibilityVersion = "Xcode 14.0";
			developmentRegion = en;
			hasScannedForEncodings = 0;
			knownRegions = (
				en,
				Base,
			);
			mainGroup = AA894D522BB8385800F42292;
			packageReferences = (
				AA894D722BB838F600F42292 /* XCRemoteSwiftPackageReference "PureLayout" */,
				AA894D752BB8392F00F42292 /* XCRemoteSwiftPackageReference "MovieAppData" */,
				AA27AE652BFF62C8002F80AA /* XCRemoteSwiftPackageReference "Kingfisher" */,
			);
			productRefGroup = AA894D5C2BB8385800F42292 /* Products */;
			projectDirPath = "";
			projectRoot = "";
			targets = (
				AA894D5A2BB8385800F42292 /* MovieApp */,
			);
		};
/* End PBXProject section */

/* Begin PBXResourcesBuildPhase section */
		AA894D592BB8385800F42292 /* Resources */ = {
			isa = PBXResourcesBuildPhase;
			buildActionMask = 2147483647;
			files = (
				AA894D682BB8385900F42292 /* Assets.xcassets in Resources */,
				AA894D6B2BB8385900F42292 /* Base in Resources */,
			);
			runOnlyForDeploymentPostprocessing = 0;
		};
/* End PBXResourcesBuildPhase section */

/* Begin PBXSourcesBuildPhase section */
		AA894D572BB8385800F42292 /* Sources */ = {
			isa = PBXSourcesBuildPhase;
			buildActionMask = 2147483647;
			files = (
				AAE7B2562C0612CA00359EC4 /* MovieCellData.swift in Sources */,
				AAE2B6AA2C09C8CF00178572 /* DetailsUseCase.swift in Sources */,
				AAE2B6A82C09C23900178572 /* DetailsResponse.swift in Sources */,
				AA894D5F2BB8385800F42292 /* AppDelegate.swift in Sources */,
				AAB86C132BEA25A9006531DB /* MovieCategoriesViewController.swift in Sources */,
				AA1AD52C2BF8C7F800B43C1F /* FavoritesViewController.swift in Sources */,
				AA1AD5372BF90D6300B43C1F /* AppRouterProtocol.swift in Sources */,
				AA1AD52E2BF8F05000B43C1F /* MovieTabBarController.swift in Sources */,
				AA894D612BB8385800F42292 /* SceneDelegate.swift in Sources */,
				AA894D7D2BB882E100F42292 /* Movie.swift in Sources */,
				AA21DC102BE65DD4008BCA25 /* MovieDetailsContentView.swift in Sources */,
				AA21DC0E2BE65DA9008BCA25 /* MovieDetailsHeaderView.swift in Sources */,
				AAE7B2582C06241A00359EC4 /* ListViewModel.swift in Sources */,
				AABBBCFF2C0633680099DFFE /* DetailsViewModel.swift in Sources */,
				AA8CF0882BBF21FC00FCCEAC /* LoginViewController.swift in Sources */,
				AA3788692BE9082500598FC4 /* MovieListViewController.swift in Sources */,
				AA894D7B2BB87CE500F42292 /* MovieDetailsViewController.swift in Sources */,
				AA37886B2BE9103B00598FC4 /* MovieCell.swift in Sources */,
				AA8ABA3E2BE694B7001C94D3 /* MovieDetailsFooterView.swift in Sources */,
				AAB86C152BEA3520006531DB /* CollectionCell.swift in Sources */,
				AA1AD5352BF90CF400B43C1F /* AppRouter.swift in Sources */,
				AAE7B2542C05E3B700359EC4 /* CategoriesViewModel.swift in Sources */,
				AAE959E42BEA77BE000DF67C /* ImageCell.swift in Sources */,
			);
			runOnlyForDeploymentPostprocessing = 0;
		};
/* End PBXSourcesBuildPhase section */

/* Begin PBXVariantGroup section */
		AA894D692BB8385900F42292 /* LaunchScreen.storyboard */ = {
			isa = PBXVariantGroup;
			children = (
				AA894D6A2BB8385900F42292 /* Base */,
			);
			name = LaunchScreen.storyboard;
			sourceTree = "<group>";
		};
/* End PBXVariantGroup section */

/* Begin XCBuildConfiguration section */
		AA894D6D2BB8385900F42292 /* Debug */ = {
			isa = XCBuildConfiguration;
			buildSettings = {
				ALWAYS_SEARCH_USER_PATHS = NO;
				ASSETCATALOG_COMPILER_GENERATE_SWIFT_ASSET_SYMBOL_EXTENSIONS = YES;
				CLANG_ANALYZER_NONNULL = YES;
				CLANG_ANALYZER_NUMBER_OBJECT_CONVERSION = YES_AGGRESSIVE;
				CLANG_CXX_LANGUAGE_STANDARD = "gnu++20";
				CLANG_ENABLE_MODULES = YES;
				CLANG_ENABLE_OBJC_ARC = YES;
				CLANG_ENABLE_OBJC_WEAK = YES;
				CLANG_WARN_BLOCK_CAPTURE_AUTORELEASING = YES;
				CLANG_WARN_BOOL_CONVERSION = YES;
				CLANG_WARN_COMMA = YES;
				CLANG_WARN_CONSTANT_CONVERSION = YES;
				CLANG_WARN_DEPRECATED_OBJC_IMPLEMENTATIONS = YES;
				CLANG_WARN_DIRECT_OBJC_ISA_USAGE = YES_ERROR;
				CLANG_WARN_DOCUMENTATION_COMMENTS = YES;
				CLANG_WARN_EMPTY_BODY = YES;
				CLANG_WARN_ENUM_CONVERSION = YES;
				CLANG_WARN_INFINITE_RECURSION = YES;
				CLANG_WARN_INT_CONVERSION = YES;
				CLANG_WARN_NON_LITERAL_NULL_CONVERSION = YES;
				CLANG_WARN_OBJC_IMPLICIT_RETAIN_SELF = YES;
				CLANG_WARN_OBJC_LITERAL_CONVERSION = YES;
				CLANG_WARN_OBJC_ROOT_CLASS = YES_ERROR;
				CLANG_WARN_QUOTED_INCLUDE_IN_FRAMEWORK_HEADER = YES;
				CLANG_WARN_RANGE_LOOP_ANALYSIS = YES;
				CLANG_WARN_STRICT_PROTOTYPES = YES;
				CLANG_WARN_SUSPICIOUS_MOVE = YES;
				CLANG_WARN_UNGUARDED_AVAILABILITY = YES_AGGRESSIVE;
				CLANG_WARN_UNREACHABLE_CODE = YES;
				CLANG_WARN__DUPLICATE_METHOD_MATCH = YES;
				COPY_PHASE_STRIP = NO;
				DEBUG_INFORMATION_FORMAT = dwarf;
				ENABLE_STRICT_OBJC_MSGSEND = YES;
				ENABLE_TESTABILITY = YES;
				ENABLE_USER_SCRIPT_SANDBOXING = YES;
				GCC_C_LANGUAGE_STANDARD = gnu17;
				GCC_DYNAMIC_NO_PIC = NO;
				GCC_NO_COMMON_BLOCKS = YES;
				GCC_OPTIMIZATION_LEVEL = 0;
				GCC_PREPROCESSOR_DEFINITIONS = (
					"DEBUG=1",
					"$(inherited)",
				);
				GCC_WARN_64_TO_32_BIT_CONVERSION = YES;
				GCC_WARN_ABOUT_RETURN_TYPE = YES_ERROR;
				GCC_WARN_UNDECLARED_SELECTOR = YES;
				GCC_WARN_UNINITIALIZED_AUTOS = YES_AGGRESSIVE;
				GCC_WARN_UNUSED_FUNCTION = YES;
				GCC_WARN_UNUSED_VARIABLE = YES;
				IPHONEOS_DEPLOYMENT_TARGET = 17.4;
				LOCALIZATION_PREFERS_STRING_CATALOGS = YES;
				MTL_ENABLE_DEBUG_INFO = INCLUDE_SOURCE;
				MTL_FAST_MATH = YES;
				ONLY_ACTIVE_ARCH = YES;
				SDKROOT = iphoneos;
				SWIFT_ACTIVE_COMPILATION_CONDITIONS = "DEBUG $(inherited)";
				SWIFT_OPTIMIZATION_LEVEL = "-Onone";
			};
			name = Debug;
		};
		AA894D6E2BB8385900F42292 /* Release */ = {
			isa = XCBuildConfiguration;
			buildSettings = {
				ALWAYS_SEARCH_USER_PATHS = NO;
				ASSETCATALOG_COMPILER_GENERATE_SWIFT_ASSET_SYMBOL_EXTENSIONS = YES;
				CLANG_ANALYZER_NONNULL = YES;
				CLANG_ANALYZER_NUMBER_OBJECT_CONVERSION = YES_AGGRESSIVE;
				CLANG_CXX_LANGUAGE_STANDARD = "gnu++20";
				CLANG_ENABLE_MODULES = YES;
				CLANG_ENABLE_OBJC_ARC = YES;
				CLANG_ENABLE_OBJC_WEAK = YES;
				CLANG_WARN_BLOCK_CAPTURE_AUTORELEASING = YES;
				CLANG_WARN_BOOL_CONVERSION = YES;
				CLANG_WARN_COMMA = YES;
				CLANG_WARN_CONSTANT_CONVERSION = YES;
				CLANG_WARN_DEPRECATED_OBJC_IMPLEMENTATIONS = YES;
				CLANG_WARN_DIRECT_OBJC_ISA_USAGE = YES_ERROR;
				CLANG_WARN_DOCUMENTATION_COMMENTS = YES;
				CLANG_WARN_EMPTY_BODY = YES;
				CLANG_WARN_ENUM_CONVERSION = YES;
				CLANG_WARN_INFINITE_RECURSION = YES;
				CLANG_WARN_INT_CONVERSION = YES;
				CLANG_WARN_NON_LITERAL_NULL_CONVERSION = YES;
				CLANG_WARN_OBJC_IMPLICIT_RETAIN_SELF = YES;
				CLANG_WARN_OBJC_LITERAL_CONVERSION = YES;
				CLANG_WARN_OBJC_ROOT_CLASS = YES_ERROR;
				CLANG_WARN_QUOTED_INCLUDE_IN_FRAMEWORK_HEADER = YES;
				CLANG_WARN_RANGE_LOOP_ANALYSIS = YES;
				CLANG_WARN_STRICT_PROTOTYPES = YES;
				CLANG_WARN_SUSPICIOUS_MOVE = YES;
				CLANG_WARN_UNGUARDED_AVAILABILITY = YES_AGGRESSIVE;
				CLANG_WARN_UNREACHABLE_CODE = YES;
				CLANG_WARN__DUPLICATE_METHOD_MATCH = YES;
				COPY_PHASE_STRIP = NO;
				DEBUG_INFORMATION_FORMAT = "dwarf-with-dsym";
				ENABLE_NS_ASSERTIONS = NO;
				ENABLE_STRICT_OBJC_MSGSEND = YES;
				ENABLE_USER_SCRIPT_SANDBOXING = YES;
				GCC_C_LANGUAGE_STANDARD = gnu17;
				GCC_NO_COMMON_BLOCKS = YES;
				GCC_WARN_64_TO_32_BIT_CONVERSION = YES;
				GCC_WARN_ABOUT_RETURN_TYPE = YES_ERROR;
				GCC_WARN_UNDECLARED_SELECTOR = YES;
				GCC_WARN_UNINITIALIZED_AUTOS = YES_AGGRESSIVE;
				GCC_WARN_UNUSED_FUNCTION = YES;
				GCC_WARN_UNUSED_VARIABLE = YES;
				IPHONEOS_DEPLOYMENT_TARGET = 17.4;
				LOCALIZATION_PREFERS_STRING_CATALOGS = YES;
				MTL_ENABLE_DEBUG_INFO = NO;
				MTL_FAST_MATH = YES;
				SDKROOT = iphoneos;
				SWIFT_COMPILATION_MODE = wholemodule;
				VALIDATE_PRODUCT = YES;
			};
			name = Release;
		};
		AA894D702BB8385900F42292 /* Debug */ = {
			isa = XCBuildConfiguration;
			buildSettings = {
				ASSETCATALOG_COMPILER_APPICON_NAME = AppIcon;
				ASSETCATALOG_COMPILER_GLOBAL_ACCENT_COLOR_NAME = AccentColor;
				CODE_SIGN_STYLE = Automatic;
				CURRENT_PROJECT_VERSION = 1;
				GENERATE_INFOPLIST_FILE = YES;
				INFOPLIST_FILE = MovieApp/Info.plist;
				INFOPLIST_KEY_UIApplicationSupportsIndirectInputEvents = YES;
				INFOPLIST_KEY_UILaunchStoryboardName = LaunchScreen;
				INFOPLIST_KEY_UISupportedInterfaceOrientations_iPad = "UIInterfaceOrientationPortrait UIInterfaceOrientationPortraitUpsideDown UIInterfaceOrientationLandscapeLeft UIInterfaceOrientationLandscapeRight";
				INFOPLIST_KEY_UISupportedInterfaceOrientations_iPhone = "UIInterfaceOrientationPortrait UIInterfaceOrientationLandscapeLeft UIInterfaceOrientationLandscapeRight";
				LD_RUNPATH_SEARCH_PATHS = (
					"$(inherited)",
					"@executable_path/Frameworks",
				);
				MARKETING_VERSION = 1.0;
				PRODUCT_BUNDLE_IDENTIFIER = hr.fer.boka.sandro.MovieApp;
				PRODUCT_NAME = "$(TARGET_NAME)";
				SWIFT_EMIT_LOC_STRINGS = YES;
				SWIFT_VERSION = 5.0;
				TARGETED_DEVICE_FAMILY = "1,2";
			};
			name = Debug;
		};
		AA894D712BB8385900F42292 /* Release */ = {
			isa = XCBuildConfiguration;
			buildSettings = {
				ASSETCATALOG_COMPILER_APPICON_NAME = AppIcon;
				ASSETCATALOG_COMPILER_GLOBAL_ACCENT_COLOR_NAME = AccentColor;
				CODE_SIGN_STYLE = Automatic;
				CURRENT_PROJECT_VERSION = 1;
				GENERATE_INFOPLIST_FILE = YES;
				INFOPLIST_FILE = MovieApp/Info.plist;
				INFOPLIST_KEY_UIApplicationSupportsIndirectInputEvents = YES;
				INFOPLIST_KEY_UILaunchStoryboardName = LaunchScreen;
				INFOPLIST_KEY_UISupportedInterfaceOrientations_iPad = "UIInterfaceOrientationPortrait UIInterfaceOrientationPortraitUpsideDown UIInterfaceOrientationLandscapeLeft UIInterfaceOrientationLandscapeRight";
				INFOPLIST_KEY_UISupportedInterfaceOrientations_iPhone = "UIInterfaceOrientationPortrait UIInterfaceOrientationLandscapeLeft UIInterfaceOrientationLandscapeRight";
				LD_RUNPATH_SEARCH_PATHS = (
					"$(inherited)",
					"@executable_path/Frameworks",
				);
				MARKETING_VERSION = 1.0;
				PRODUCT_BUNDLE_IDENTIFIER = hr.fer.boka.sandro.MovieApp;
				PRODUCT_NAME = "$(TARGET_NAME)";
				SWIFT_EMIT_LOC_STRINGS = YES;
				SWIFT_VERSION = 5.0;
				TARGETED_DEVICE_FAMILY = "1,2";
			};
			name = Release;
		};
/* End XCBuildConfiguration section */

/* Begin XCConfigurationList section */
		AA894D562BB8385800F42292 /* Build configuration list for PBXProject "MovieApp" */ = {
			isa = XCConfigurationList;
			buildConfigurations = (
				AA894D6D2BB8385900F42292 /* Debug */,
				AA894D6E2BB8385900F42292 /* Release */,
			);
			defaultConfigurationIsVisible = 0;
			defaultConfigurationName = Release;
		};
		AA894D6F2BB8385900F42292 /* Build configuration list for PBXNativeTarget "MovieApp" */ = {
			isa = XCConfigurationList;
			buildConfigurations = (
				AA894D702BB8385900F42292 /* Debug */,
				AA894D712BB8385900F42292 /* Release */,
			);
			defaultConfigurationIsVisible = 0;
			defaultConfigurationName = Release;
		};
/* End XCConfigurationList section */

/* Begin XCRemoteSwiftPackageReference section */
		AA27AE652BFF62C8002F80AA /* XCRemoteSwiftPackageReference "Kingfisher" */ = {
			isa = XCRemoteSwiftPackageReference;
			repositoryURL = "https://github.com/onevcat/Kingfisher";
			requirement = {
				kind = upToNextMajorVersion;
				minimumVersion = 7.11.0;
			};
		};
		AA894D722BB838F600F42292 /* XCRemoteSwiftPackageReference "PureLayout" */ = {
			isa = XCRemoteSwiftPackageReference;
			repositoryURL = "https://github.com/PureLayout/PureLayout.git";
			requirement = {
				kind = upToNextMajorVersion;
				minimumVersion = 3.1.9;
			};
		};
		AA894D752BB8392F00F42292 /* XCRemoteSwiftPackageReference "MovieAppData" */ = {
			isa = XCRemoteSwiftPackageReference;
			repositoryURL = "https://github.com/fiveagency/MovieAppData";
			requirement = {
				kind = upToNextMinorVersion;
				minimumVersion = 2.1.1;
			};
		};
/* End XCRemoteSwiftPackageReference section */

/* Begin XCSwiftPackageProductDependency section */
		AA27AE662BFF62C8002F80AA /* Kingfisher */ = {
			isa = XCSwiftPackageProductDependency;
			package = AA27AE652BFF62C8002F80AA /* XCRemoteSwiftPackageReference "Kingfisher" */;
			productName = Kingfisher;
		};
		AA894D732BB838F600F42292 /* PureLayout */ = {
			isa = XCSwiftPackageProductDependency;
			package = AA894D722BB838F600F42292 /* XCRemoteSwiftPackageReference "PureLayout" */;
			productName = PureLayout;
		};
		AA894D762BB8392F00F42292 /* MovieAppData */ = {
			isa = XCSwiftPackageProductDependency;
			package = AA894D752BB8392F00F42292 /* XCRemoteSwiftPackageReference "MovieAppData" */;
			productName = MovieAppData;
		};
/* End XCSwiftPackageProductDependency section */
	};
	rootObject = AA894D532BB8385800F42292 /* Project object */;
}
